
Microsoft Visual Studio Solution File, Format Version 12.00
# Visual Studio Version 16
VisualStudioVersion = 16.0.30907.101
MinimumVisualStudioVersion = 10.0.40219.1
Project("{9A19103F-16F7-4668-BE54-9A1E7A4F7556}") = "nonprofitOrganization", "nonprofitOrganization\nonprofitOrganization.csproj", "{932D348E-9773-47A5-B342-4F3E21EA5403}"
EndProject
Global
	GlobalSection(SolutionConfigurationPlatforms) = preSolution
		Debug|Any CPU = Debug|Any CPU
		Release|Any CPU = Release|Any CPU
	EndGlobalSection
	GlobalSection(ProjectConfigurationPlatforms) = postSolution
		{932D348E-9773-47A5-B342-4F3E21EA5403}.Debug|Any CPU.ActiveCfg = Debug|Any CPU
		{932D348E-9773-47A5-B342-4F3E21EA5403}.Debug|Any CPU.Build.0 = Debug|Any CPU
		{932D348E-9773-47A5-B342-4F3E21EA5403}.Release|Any CPU.ActiveCfg = Release|Any CPU
		{932D348E-9773-47A5-B342-4F3E21EA5403}.Release|Any CPU.Build.0 = Release|Any CPU
	EndGlobalSection
	GlobalSection(SolutionProperties) = preSolution
		HideSolutionNode = FALSE
	EndGlobalSection
	GlobalSection(ExtensibilityGlobals) = postSolution
		SolutionGuid = {0CE6A7F9-0800-4029-A001-B91487A145A7}
	EndGlobalSection
EndGlobal
